
Microsoft Visual Studio Solution File, Format Version 12.00
# Visual Studio Version 17
VisualStudioVersion = 17.2.32505.173
MinimumVisualStudioVersion = 10.0.40219.1
Project("{9A19103F-16F7-4668-BE54-9A1E7A4F7556}") = "Discord.Bot.IsmsBot", "Discord.Bot.IsmsBot.csproj", "{F8C00B8B-2EA8-48C5-B33F-66F76B6FBDD3}"
EndProject
Project("{FAE04EC0-301F-11D3-BF4B-00C04F79EFBC}") = "Discord.Bot.Database", "..\Discord.Bot.Database\Discord.Bot.Database.csproj", "{75FE4BAE-106D-48CC-8F13-D20E95886C73}"
EndProject
Global
	GlobalSection(SolutionConfigurationPlatforms) = preSolution
		Debug|Any CPU = Debug|Any CPU
		Release|Any CPU = Release|Any CPU
	EndGlobalSection
	GlobalSection(ProjectConfigurationPlatforms) = postSolution
		{F8C00B8B-2EA8-48C5-B33F-66F76B6FBDD3}.Debug|Any CPU.ActiveCfg = Debug|Any CPU
		{F8C00B8B-2EA8-48C5-B33F-66F76B6FBDD3}.Debug|Any CPU.Build.0 = Debug|Any CPU
		{F8C00B8B-2EA8-48C5-B33F-66F76B6FBDD3}.Release|Any CPU.ActiveCfg = Release|Any CPU
		{F8C00B8B-2EA8-48C5-B33F-66F76B6FBDD3}.Release|Any CPU.Build.0 = Release|Any CPU
		{75FE4BAE-106D-48CC-8F13-D20E95886C73}.Debug|Any CPU.ActiveCfg = Debug|Any CPU
		{75FE4BAE-106D-48CC-8F13-D20E95886C73}.Debug|Any CPU.Build.0 = Debug|Any CPU
		{75FE4BAE-106D-48CC-8F13-D20E95886C73}.Release|Any CPU.ActiveCfg = Release|Any CPU
		{75FE4BAE-106D-48CC-8F13-D20E95886C73}.Release|Any CPU.Build.0 = Release|Any CPU
	EndGlobalSection
	GlobalSection(SolutionProperties) = preSolution
		HideSolutionNode = FALSE
	EndGlobalSection
	GlobalSection(ExtensibilityGlobals) = postSolution
		SolutionGuid = {40355DC6-C76D-41A2-8847-413821DE1F6E}
	EndGlobalSection
EndGlobal
