
Microsoft Visual Studio Solution File, Format Version 12.00
# Visual Studio Version 17
VisualStudioVersion = 17.2.32505.173
MinimumVisualStudioVersion = 10.0.40219.1
Project("{9A19103F-16F7-4668-BE54-9A1E7A4F7556}") = "Discord.Bot.IsmsBot", "src\Discord.Bot.IsmsBot\Discord.Bot.IsmsBot.csproj", "{23BAD632-5BDC-44D0-94FE-43A9009FD756}"
EndProject
Project("{9A19103F-16F7-4668-BE54-9A1E7A4F7556}") = "Discord.Bot.Database", "src\Discord.Bot.Database\Discord.Bot.Database.csproj", "{42B4970B-1E1E-4283-BE6B-47E504A52C0A}"
EndProject
Project("{9A19103F-16F7-4668-BE54-9A1E7A4F7556}") = "Discord.Bot.IsmsBot.Test", "Discord.Bot.IsmsBot.Test\Discord.Bot.IsmsBot.Test.csproj", "{9AC93C73-1F3C-4BB5-9A3F-204C1BB2CC8F}"
EndProject
Project("{2150E333-8FDC-42A3-9474-1A3956D46DE8}") = "Solution Items", "Solution Items", "{329790A4-A069-407E-B6BB-A1760A9C222C}"
	ProjectSection(SolutionItems) = preProject
		README.md = README.md
	EndProjectSection
EndProject
Project("{9A19103F-16F7-4668-BE54-9A1E7A4F7556}") = "Discord.Bot.WebUI", "src\Discord.Bot.WebUI\Discord.Bot.WebUI.csproj", "{6314EAE9-A53A-4B73-87F1-6EA174E3E625}"
EndProject
Global
	GlobalSection(SolutionConfigurationPlatforms) = preSolution
		Debug|Any CPU = Debug|Any CPU
		Release|Any CPU = Release|Any CPU
	EndGlobalSection
	GlobalSection(ProjectConfigurationPlatforms) = postSolution
		{23BAD632-5BDC-44D0-94FE-43A9009FD756}.Debug|Any CPU.ActiveCfg = Debug|Any CPU
		{23BAD632-5BDC-44D0-94FE-43A9009FD756}.Debug|Any CPU.Build.0 = Debug|Any CPU
		{23BAD632-5BDC-44D0-94FE-43A9009FD756}.Release|Any CPU.ActiveCfg = Release|Any CPU
		{23BAD632-5BDC-44D0-94FE-43A9009FD756}.Release|Any CPU.Build.0 = Release|Any CPU
		{42B4970B-1E1E-4283-BE6B-47E504A52C0A}.Debug|Any CPU.ActiveCfg = Debug|Any CPU
		{42B4970B-1E1E-4283-BE6B-47E504A52C0A}.Debug|Any CPU.Build.0 = Debug|Any CPU
		{42B4970B-1E1E-4283-BE6B-47E504A52C0A}.Release|Any CPU.ActiveCfg = Release|Any CPU
		{42B4970B-1E1E-4283-BE6B-47E504A52C0A}.Release|Any CPU.Build.0 = Release|Any CPU
		{9AC93C73-1F3C-4BB5-9A3F-204C1BB2CC8F}.Debug|Any CPU.ActiveCfg = Debug|Any CPU
		{9AC93C73-1F3C-4BB5-9A3F-204C1BB2CC8F}.Debug|Any CPU.Build.0 = Debug|Any CPU
		{9AC93C73-1F3C-4BB5-9A3F-204C1BB2CC8F}.Release|Any CPU.ActiveCfg = Release|Any CPU
		{9AC93C73-1F3C-4BB5-9A3F-204C1BB2CC8F}.Release|Any CPU.Build.0 = Release|Any CPU
		{6314EAE9-A53A-4B73-87F1-6EA174E3E625}.Debug|Any CPU.ActiveCfg = Debug|Any CPU
		{6314EAE9-A53A-4B73-87F1-6EA174E3E625}.Debug|Any CPU.Build.0 = Debug|Any CPU
		{6314EAE9-A53A-4B73-87F1-6EA174E3E625}.Release|Any CPU.ActiveCfg = Release|Any CPU
		{6314EAE9-A53A-4B73-87F1-6EA174E3E625}.Release|Any CPU.Build.0 = Release|Any CPU
	EndGlobalSection
	GlobalSection(SolutionProperties) = preSolution
		HideSolutionNode = FALSE
	EndGlobalSection
	GlobalSection(ExtensibilityGlobals) = postSolution
		SolutionGuid = {40355DC6-C76D-41A2-8847-413821DE1F6E}
	EndGlobalSection
EndGlobal
